
Microsoft Visual Studio Solution File, Format Version 12.00
# Visual Studio Version 16
VisualStudioVersion = 16.0.31613.86
MinimumVisualStudioVersion = 10.0.40219.1
Project("{FAE04EC0-301F-11D3-BF4B-00C04F79EFBC}") = "PickPointAPI", "PickPointAPI\PickPointAPI.csproj", "{14EF5842-53DC-4D74-936C-02738AD0D7B2}"
EndProject
Project("{FAE04EC0-301F-11D3-BF4B-00C04F79EFBC}") = "Domain", "Domain\Domain.csproj", "{2D82F699-DFD7-4E05-9D80-680A2FDC9E70}"
EndProject
Project("{FAE04EC0-301F-11D3-BF4B-00C04F79EFBC}") = "Data", "Data\Data.csproj", "{7BAA6B38-52CF-48D3-8116-F442EE8E8D90}"
EndProject
Global
	GlobalSection(SolutionConfigurationPlatforms) = preSolution
		Debug|Any CPU = Debug|Any CPU
		Release|Any CPU = Release|Any CPU
	EndGlobalSection
	GlobalSection(ProjectConfigurationPlatforms) = postSolution
		{14EF5842-53DC-4D74-936C-02738AD0D7B2}.Debug|Any CPU.ActiveCfg = Debug|Any CPU
		{14EF5842-53DC-4D74-936C-02738AD0D7B2}.Debug|Any CPU.Build.0 = Debug|Any CPU
		{14EF5842-53DC-4D74-936C-02738AD0D7B2}.Release|Any CPU.ActiveCfg = Release|Any CPU
		{14EF5842-53DC-4D74-936C-02738AD0D7B2}.Release|Any CPU.Build.0 = Release|Any CPU
		{2D82F699-DFD7-4E05-9D80-680A2FDC9E70}.Debug|Any CPU.ActiveCfg = Debug|Any CPU
		{2D82F699-DFD7-4E05-9D80-680A2FDC9E70}.Debug|Any CPU.Build.0 = Debug|Any CPU
		{2D82F699-DFD7-4E05-9D80-680A2FDC9E70}.Release|Any CPU.ActiveCfg = Release|Any CPU
		{2D82F699-DFD7-4E05-9D80-680A2FDC9E70}.Release|Any CPU.Build.0 = Release|Any CPU
		{7BAA6B38-52CF-48D3-8116-F442EE8E8D90}.Debug|Any CPU.ActiveCfg = Debug|Any CPU
		{7BAA6B38-52CF-48D3-8116-F442EE8E8D90}.Debug|Any CPU.Build.0 = Debug|Any CPU
		{7BAA6B38-52CF-48D3-8116-F442EE8E8D90}.Release|Any CPU.ActiveCfg = Release|Any CPU
		{7BAA6B38-52CF-48D3-8116-F442EE8E8D90}.Release|Any CPU.Build.0 = Release|Any CPU
	EndGlobalSection
	GlobalSection(SolutionProperties) = preSolution
		HideSolutionNode = FALSE
	EndGlobalSection
	GlobalSection(ExtensibilityGlobals) = postSolution
		SolutionGuid = {76A87946-9C90-466F-9882-826E5A4E97F5}
	EndGlobalSection
EndGlobal
